
Microsoft Visual Studio Solution File, Format Version 12.00
# Visual Studio Version 17
VisualStudioVersion = 17.7.34202.233
MinimumVisualStudioVersion = 10.0.40219.1
Project("{8BC9CEB8-8B4A-11D0-8D11-00A0C91BC942}") = "Liskov substitution principle", "Liskov substitution principle\Liskov substitution principle.vcxproj", "{5B40B48A-1628-4EEF-B098-3101F3CB49D1}"
EndProject
Global
	GlobalSection(SolutionConfigurationPlatforms) = preSolution
		Debug|x64 = Debug|x64
		Debug|x86 = Debug|x86
		Release|x64 = Release|x64
		Release|x86 = Release|x86
	EndGlobalSection
	GlobalSection(ProjectConfigurationPlatforms) = postSolution
		{5B40B48A-1628-4EEF-B098-3101F3CB49D1}.Debug|x64.ActiveCfg = Debug|x64
		{5B40B48A-1628-4EEF-B098-3101F3CB49D1}.Debug|x64.Build.0 = Debug|x64
		{5B40B48A-1628-4EEF-B098-3101F3CB49D1}.Debug|x86.ActiveCfg = Debug|Win32
		{5B40B48A-1628-4EEF-B098-3101F3CB49D1}.Debug|x86.Build.0 = Debug|Win32
		{5B40B48A-1628-4EEF-B098-3101F3CB49D1}.Release|x64.ActiveCfg = Release|x64
		{5B40B48A-1628-4EEF-B098-3101F3CB49D1}.Release|x64.Build.0 = Release|x64
		{5B40B48A-1628-4EEF-B098-3101F3CB49D1}.Release|x86.ActiveCfg = Release|Win32
		{5B40B48A-1628-4EEF-B098-3101F3CB49D1}.Release|x86.Build.0 = Release|Win32
	EndGlobalSection
	GlobalSection(SolutionProperties) = preSolution
		HideSolutionNode = FALSE
	EndGlobalSection
	GlobalSection(ExtensibilityGlobals) = postSolution
		SolutionGuid = {6AC43117-6B1E-46C3-9934-549FBD0E5A53}
	EndGlobalSection
EndGlobal
